
Microsoft Visual Studio Solution File, Format Version 12.00
# Visual Studio 15
VisualStudioVersion = 15.0.28307.757
MinimumVisualStudioVersion = 10.0.40219.1
Project("{FAE04EC0-301F-11D3-BF4B-00C04F79EFBC}") = "WebAPI_Practice", "WebAPI_Practice\WebAPI_Practice.csproj", "{BE48E8FA-F0B4-4C1F-A6A9-626C458DDB34}"
EndProject
Global
	GlobalSection(SolutionConfigurationPlatforms) = preSolution
		Debug|Any CPU = Debug|Any CPU
		Release|Any CPU = Release|Any CPU
	EndGlobalSection
	GlobalSection(ProjectConfigurationPlatforms) = postSolution
		{BE48E8FA-F0B4-4C1F-A6A9-626C458DDB34}.Debug|Any CPU.ActiveCfg = Debug|Any CPU
		{BE48E8FA-F0B4-4C1F-A6A9-626C458DDB34}.Debug|Any CPU.Build.0 = Debug|Any CPU
		{BE48E8FA-F0B4-4C1F-A6A9-626C458DDB34}.Release|Any CPU.ActiveCfg = Release|Any CPU
		{BE48E8FA-F0B4-4C1F-A6A9-626C458DDB34}.Release|Any CPU.Build.0 = Release|Any CPU
	EndGlobalSection
	GlobalSection(SolutionProperties) = preSolution
		HideSolutionNode = FALSE
	EndGlobalSection
	GlobalSection(ExtensibilityGlobals) = postSolution
		SolutionGuid = {CD66A14E-A6EA-4DC8-A47B-60F8B78397FB}
	EndGlobalSection
EndGlobal
